# This file is automatically @generated by Cargo.
# It is not intended for manual editing.
version = 4

[[package]]
name = "husk-ast"
version = "0.1.0"

[[package]]
name = "husk-cli"
version = "0.1.0"
dependencies = [
 "husk-parser",
]

[[package]]
name = "husk-codegen-js"
version = "0.1.0"

[[package]]
name = "husk-lexer"
version = "0.1.0"

[[package]]
name = "husk-parser"
version = "0.1.0"
dependencies = [
 "husk-ast",
 "husk-lexer",
]

[[package]]
name = "husk-runtime-js"
version = "0.1.0"

[[package]]
name = "husk-semantic"
version = "0.1.0"

[[package]]
name = "husk-types"
version = "0.1.0"
